
Microsoft Visual Studio Solution File, Format Version 12.00
# Visual Studio Version 16
VisualStudioVersion = 16.0.32510.428
MinimumVisualStudioVersion = 10.0.40219.1
Project("{FAE04EC0-301F-11D3-BF4B-00C04F79EFBC}") = "SayiTahminOyunu.Android", "SayiTahminOyunu\SayiTahminOyunu.Android\SayiTahminOyunu.Android.csproj", "{A522375C-E566-4E7C-8DAE-E40A12331511}"
EndProject
Project("{9A19103F-16F7-4668-BE54-9A1E7A4F7556}") = "SayiTahminOyunu", "SayiTahminOyunu\SayiTahminOyunu\SayiTahminOyunu.csproj", "{2DB6D441-2D67-46DB-B509-1C902D051A42}"
EndProject
Global
	GlobalSection(SolutionConfigurationPlatforms) = preSolution
		Debug|Any CPU = Debug|Any CPU
		Debug|iPhone = Debug|iPhone
		Debug|iPhoneSimulator = Debug|iPhoneSimulator
		Release|Any CPU = Release|Any CPU
		Release|iPhone = Release|iPhone
		Release|iPhoneSimulator = Release|iPhoneSimulator
	EndGlobalSection
	GlobalSection(ProjectConfigurationPlatforms) = postSolution
		{A522375C-E566-4E7C-8DAE-E40A12331511}.Debug|Any CPU.ActiveCfg = Debug|Any CPU
		{A522375C-E566-4E7C-8DAE-E40A12331511}.Debug|Any CPU.Build.0 = Debug|Any CPU
		{A522375C-E566-4E7C-8DAE-E40A12331511}.Debug|Any CPU.Deploy.0 = Debug|Any CPU
		{A522375C-E566-4E7C-8DAE-E40A12331511}.Debug|iPhone.ActiveCfg = Debug|Any CPU
		{A522375C-E566-4E7C-8DAE-E40A12331511}.Debug|iPhone.Build.0 = Debug|Any CPU
		{A522375C-E566-4E7C-8DAE-E40A12331511}.Debug|iPhone.Deploy.0 = Debug|Any CPU
		{A522375C-E566-4E7C-8DAE-E40A12331511}.Debug|iPhoneSimulator.ActiveCfg = Debug|Any CPU
		{A522375C-E566-4E7C-8DAE-E40A12331511}.Debug|iPhoneSimulator.Build.0 = Debug|Any CPU
		{A522375C-E566-4E7C-8DAE-E40A12331511}.Debug|iPhoneSimulator.Deploy.0 = Debug|Any CPU
		{A522375C-E566-4E7C-8DAE-E40A12331511}.Release|Any CPU.ActiveCfg = Release|Any CPU
		{A522375C-E566-4E7C-8DAE-E40A12331511}.Release|Any CPU.Build.0 = Release|Any CPU
		{A522375C-E566-4E7C-8DAE-E40A12331511}.Release|Any CPU.Deploy.0 = Release|Any CPU
		{A522375C-E566-4E7C-8DAE-E40A12331511}.Release|iPhone.ActiveCfg = Release|Any CPU
		{A522375C-E566-4E7C-8DAE-E40A12331511}.Release|iPhone.Build.0 = Release|Any CPU
		{A522375C-E566-4E7C-8DAE-E40A12331511}.Release|iPhone.Deploy.0 = Release|Any CPU
		{A522375C-E566-4E7C-8DAE-E40A12331511}.Release|iPhoneSimulator.ActiveCfg = Release|Any CPU
		{A522375C-E566-4E7C-8DAE-E40A12331511}.Release|iPhoneSimulator.Build.0 = Release|Any CPU
		{A522375C-E566-4E7C-8DAE-E40A12331511}.Release|iPhoneSimulator.Deploy.0 = Release|Any CPU
		{2DB6D441-2D67-46DB-B509-1C902D051A42}.Debug|Any CPU.ActiveCfg = Debug|Any CPU
		{2DB6D441-2D67-46DB-B509-1C902D051A42}.Debug|Any CPU.Build.0 = Debug|Any CPU
		{2DB6D441-2D67-46DB-B509-1C902D051A42}.Debug|Any CPU.Deploy.0 = Debug|Any CPU
		{2DB6D441-2D67-46DB-B509-1C902D051A42}.Debug|iPhone.ActiveCfg = Debug|Any CPU
		{2DB6D441-2D67-46DB-B509-1C902D051A42}.Debug|iPhone.Build.0 = Debug|Any CPU
		{2DB6D441-2D67-46DB-B509-1C902D051A42}.Debug|iPhone.Deploy.0 = Debug|Any CPU
		{2DB6D441-2D67-46DB-B509-1C902D051A42}.Debug|iPhoneSimulator.ActiveCfg = Debug|Any CPU
		{2DB6D441-2D67-46DB-B509-1C902D051A42}.Debug|iPhoneSimulator.Build.0 = Debug|Any CPU
		{2DB6D441-2D67-46DB-B509-1C902D051A42}.Debug|iPhoneSimulator.Deploy.0 = Debug|Any CPU
		{2DB6D441-2D67-46DB-B509-1C902D051A42}.Release|Any CPU.ActiveCfg = Release|Any CPU
		{2DB6D441-2D67-46DB-B509-1C902D051A42}.Release|Any CPU.Build.0 = Release|Any CPU
		{2DB6D441-2D67-46DB-B509-1C902D051A42}.Release|Any CPU.Deploy.0 = Release|Any CPU
		{2DB6D441-2D67-46DB-B509-1C902D051A42}.Release|iPhone.ActiveCfg = Release|Any CPU
		{2DB6D441-2D67-46DB-B509-1C902D051A42}.Release|iPhone.Build.0 = Release|Any CPU
		{2DB6D441-2D67-46DB-B509-1C902D051A42}.Release|iPhone.Deploy.0 = Release|Any CPU
		{2DB6D441-2D67-46DB-B509-1C902D051A42}.Release|iPhoneSimulator.ActiveCfg = Release|Any CPU
		{2DB6D441-2D67-46DB-B509-1C902D051A42}.Release|iPhoneSimulator.Build.0 = Release|Any CPU
		{2DB6D441-2D67-46DB-B509-1C902D051A42}.Release|iPhoneSimulator.Deploy.0 = Release|Any CPU
	EndGlobalSection
	GlobalSection(SolutionProperties) = preSolution
		HideSolutionNode = FALSE
	EndGlobalSection
	GlobalSection(ExtensibilityGlobals) = postSolution
		SolutionGuid = {1D2B43F7-8595-473D-A49B-35F8430B4E8B}
	EndGlobalSection
EndGlobal
